<?xml version="1.0" encoding="UTF-8" standalone="yes" ?>
<CodeBlocks_project_file>
	<FileVersion major="1" minor="6" />
	<Project>
		<Option title="Game" />
		<Option pch_mode="2" />
		<Option compiler="gcc" />
		<Build>
			<Target title="Debug">
				<Option output="bin/Debug/Game" prefix_auto="1" extension_auto="1" />
				<Option object_output="obj/Debug/" />
				<Option type="1" />
				<Option compiler="gcc" />
				<Compiler>
					<Add option="-g" />
				</Compiler>
			</Target>
			<Target title="Release">
				<Option output="bin/Release/Game" prefix_auto="1" extension_auto="1" />
				<Option object_output="obj/Release/" />
				<Option type="1" />
				<Option compiler="gcc" />
				<Compiler>
					<Add option="-O2" />
				</Compiler>
				<Linker>
					<Add option="-s" />
				</Linker>
			</Target>
		</Build>
		<Compiler>
			<Add option="-Wall" />
			<Add option="-std=c++11" />
			<Add option="-fexceptions" />
			<Add directory="../../sdl2/include/SDL2" />
		</Compiler>
		<Linker>
			<Add option="-lmingw32 -lSDL2main -lSDL2 -lSDL2_image -lSDL2_ttf" />
			<Add directory="../../sdl2/lib" />
		</Linker>
		<Unit filename="FSEX300.ttf" />
		<Unit filename="countries.dat" />
		<Unit filename="list2.dat" />
		<Unit filename="src/headers/Dock.h">
			<Option compile="1" />
		</Unit>
		<Unit filename="src/headers/File.h">
			<Option compile="1" />
		</Unit>
		<Unit filename="src/headers/Filesystem.h">
			<Option compile="1" />
		</Unit>
		<Unit filename="src/headers/Focusable.h">
			<Option compile="1" />
		</Unit>
		<Unit filename="src/headers/Game.h">
			<Option compile="1" />
		</Unit>
		<Unit filename="src/headers/GameListener.h">
			<Option compile="1" />
		</Unit>
		<Unit filename="src/headers/Globals.h">
			<Option compile="1" />
		</Unit>
		<Unit filename="src/headers/Graphics.h">
			<Option compile="1" />
		</Unit>
		<Unit filename="src/headers/Input.h">
			<Option compile="1" />
		</Unit>
		<Unit filename="src/headers/Sprite.h">
			<Option compile="1" />
		</Unit>
		<Unit filename="src/headers/TerminalWindow.h">
			<Option compile="1" />
		</Unit>
		<Unit filename="src/headers/Window.h">
			<Option compile="1" />
		</Unit>
		<Unit filename="src/src/Dock.cpp" />
		<Unit filename="src/src/File.cpp" />
		<Unit filename="src/src/Filesystem.cpp" />
		<Unit filename="src/src/Focusable.cpp" />
		<Unit filename="src/src/Game.cpp" />
		<Unit filename="src/src/GameListener.cpp" />
		<Unit filename="src/src/Graphics.cpp" />
		<Unit filename="src/src/Input.cpp" />
		<Unit filename="src/src/Main.cpp" />
		<Unit filename="src/src/Sprite.cpp" />
		<Unit filename="src/src/TerminalWindow.cpp" />
		<Unit filename="src/src/Window.cpp" />
		<Unit filename="triangles.dat" />
		<Extensions>
			<code_completion />
			<envvars />
			<debugger />
			<lib_finder disable_auto="1" />
		</Extensions>
	</Project>
</CodeBlocks_project_file>
